<?xml version="1.0" encoding="utf-8"?>
<Project ToolsVersion="Current" xmlns="http://schemas.microsoft.com/developer/msbuild/2003">
  <ItemGroup>
    <None Include="$(MSBuildThisFileDirectory)README.md" />
  </ItemGroup>
  <ItemGroup>
    <Text Include="$(MSBuildThisFileDirectory)LICENSE.txt" />
  </ItemGroup>
  <ItemGroup>
    <Filter Include="TritonCore">
      <UniqueIdentifier>{7df188ac-c650-4f04-bf78-b1228e8cf18c}</UniqueIdentifier>
    </Filter>
    <Filter Include="TritonCore\Interfaces">
      <UniqueIdentifier>{95e5f9a4-ad31-4c24-8df8-85fe0c06abbc}</UniqueIdentifier>
    </Filter>
    <Filter Include="TritonCore\Devices">
      <UniqueIdentifier>{279cd868-b80d-49d4-994e-1bed8df2b2e9}</UniqueIdentifier>
    </Filter>
    <Filter Include="TritonCore\Devices\Sound">
      <UniqueIdentifier>{f1f669a3-99e1-4a25-81df-8f8527172693}</UniqueIdentifier>
    </Filter>
  </ItemGroup>
  <ItemGroup>
    <ClInclude Include="$(MSBuildThisFileDirectory)TritonCore\TritonCore.h">
      <Filter>TritonCore</Filter>
    </ClInclude>
    <ClInclude Include="$(MSBuildThisFileDirectory)TritonCore\Interfaces\IBase.h">
      <Filter>TritonCore\Interfaces</Filter>
    </ClInclude>
    <ClInclude Include="$(MSBuildThisFileDirectory)TritonCore\Interfaces\IDevice.h">
      <Filter>TritonCore\Interfaces</Filter>
    </ClInclude>
    <ClInclude Include="$(MSBuildThisFileDirectory)TritonCore\Interfaces\ISoundDevice.h">
      <Filter>TritonCore\Interfaces</Filter>
    </ClInclude>
    <ClInclude Include="$(MSBuildThisFileDirectory)TritonCore\Devices\Sound\SN76489.h">
      <Filter>TritonCore\Devices\Sound</Filter>
    </ClInclude>
  </ItemGroup>
  <ItemGroup>
    <ClCompile Include="$(MSBuildThisFileDirectory)TritonCore\Devices\Sound\SN76489.cpp">
      <Filter>TritonCore\Devices\Sound</Filter>
    </ClCompile>
  </ItemGroup>
</Project>