<?xml version="1.0" encoding="utf-8"?>
<Project ToolsVersion="Current" xmlns="http://schemas.microsoft.com/developer/msbuild/2003">
  <ItemGroup>
    <None Include="$(MSBuildThisFileDirectory)README.md" />
  </ItemGroup>
  <ItemGroup>
    <Text Include="$(MSBuildThisFileDirectory)LICENSE.txt" />
  </ItemGroup>
  <ItemGroup>
    <ClInclude Include="$(MSBuildThisFileDirectory)TritonCore.h" />
    <ClInclude Include="$(MSBuildThisFileDirectory)Interfaces\IDevice.h">
      <Filter>Interfaces</Filter>
    </ClInclude>
    <ClInclude Include="$(MSBuildThisFileDirectory)Interfaces\ISoundDevice.h">
      <Filter>Interfaces</Filter>
    </ClInclude>
    <ClInclude Include="$(MSBuildThisFileDirectory)Interfaces\IAudioBuffer.h">
      <Filter>Interfaces</Filter>
    </ClInclude>
    <ClInclude Include="$(MSBuildThisFileDirectory)Devices\Sound\NullSound.h">
      <Filter>Devices\Sound</Filter>
    </ClInclude>
    <ClInclude Include="$(MSBuildThisFileDirectory)Devices\Sound\SN76489.h">
      <Filter>Devices\Sound</Filter>
    </ClInclude>
    <ClInclude Include="$(MSBuildThisFileDirectory)Devices\Sound\SegaPCM.h">
      <Filter>Devices\Sound</Filter>
    </ClInclude>
    <ClInclude Include="$(MSBuildThisFileDirectory)Interfaces\IPrivateMemory.h">
      <Filter>Interfaces</Filter>
    </ClInclude>
  </ItemGroup>
  <ItemGroup>
    <Filter Include="Interfaces">
      <UniqueIdentifier>{b66d8b56-8594-4014-aa80-c4e56e3a4bd9}</UniqueIdentifier>
    </Filter>
    <Filter Include="Devices">
      <UniqueIdentifier>{700d854f-0963-4d83-b0c0-66ba09772d8b}</UniqueIdentifier>
    </Filter>
    <Filter Include="Devices\Sound">
      <UniqueIdentifier>{65a3ecc4-0e48-4ed8-93ae-41e6fae6d289}</UniqueIdentifier>
    </Filter>
  </ItemGroup>
  <ItemGroup>
    <ClCompile Include="$(MSBuildThisFileDirectory)Devices\Sound\SegaPCM.cpp">
      <Filter>Devices\Sound</Filter>
    </ClCompile>
  </ItemGroup>
</Project>